
Microsoft Visual Studio Solution File, Format Version 12.00
# Visual Studio Version 16
VisualStudioVersion = 16.0.32126.315
MinimumVisualStudioVersion = 10.0.40219.1
Project("{888888A0-9F3D-457C-B088-3A5042F75D52}") = "Average Number of Words", "Average Number of Words\Average Number of Words.pyproj", "{D7429F6D-6552-4ECD-A9AE-3B497024B5E5}"
EndProject
Global
	GlobalSection(SolutionConfigurationPlatforms) = preSolution
		Debug|Any CPU = Debug|Any CPU
		Release|Any CPU = Release|Any CPU
	EndGlobalSection
	GlobalSection(ProjectConfigurationPlatforms) = postSolution
		{D7429F6D-6552-4ECD-A9AE-3B497024B5E5}.Debug|Any CPU.ActiveCfg = Debug|Any CPU
		{D7429F6D-6552-4ECD-A9AE-3B497024B5E5}.Release|Any CPU.ActiveCfg = Release|Any CPU
	EndGlobalSection
	GlobalSection(SolutionProperties) = preSolution
		HideSolutionNode = FALSE
	EndGlobalSection
	GlobalSection(ExtensibilityGlobals) = postSolution
		SolutionGuid = {B7796F8D-B5C5-4CA0-A103-CFE081604739}
	EndGlobalSection
EndGlobal
